
Microsoft Visual Studio Solution File, Format Version 12.00
# Visual Studio 15
VisualStudioVersion = 15.0.27130.2024
MinimumVisualStudioVersion = 10.0.40219.1
Project("{FAE04EC0-301F-11D3-BF4B-00C04F79EFBC}") = "oggetto", "oggetto\oggetto.csproj", "{B0263C55-9333-4555-8F0F-4A2CCC2EC9E6}"
EndProject
Global
	GlobalSection(SolutionConfigurationPlatforms) = preSolution
		Debug|Any CPU = Debug|Any CPU
		Release|Any CPU = Release|Any CPU
	EndGlobalSection
	GlobalSection(ProjectConfigurationPlatforms) = postSolution
		{B0263C55-9333-4555-8F0F-4A2CCC2EC9E6}.Debug|Any CPU.ActiveCfg = Debug|Any CPU
		{B0263C55-9333-4555-8F0F-4A2CCC2EC9E6}.Debug|Any CPU.Build.0 = Debug|Any CPU
		{B0263C55-9333-4555-8F0F-4A2CCC2EC9E6}.Release|Any CPU.ActiveCfg = Release|Any CPU
		{B0263C55-9333-4555-8F0F-4A2CCC2EC9E6}.Release|Any CPU.Build.0 = Release|Any CPU
	EndGlobalSection
	GlobalSection(SolutionProperties) = preSolution
		HideSolutionNode = FALSE
	EndGlobalSection
	GlobalSection(ExtensibilityGlobals) = postSolution
		SolutionGuid = {41A370C6-1963-4B52-9B4D-F0DE2E6C7AE1}
	EndGlobalSection
EndGlobal
